{
  "name": "RecipeIndex",
  "lockfileVersion": 3,
  "requires": true,
  "packages": {
    "": {
      "dependencies": {
        "dotenv": "^16.0.3",
        "gitignore": "^0.7.0"
      }
    },
    "node_modules/dotenv": {
      "version": "16.0.3",
      "resolved": "https://registry.npmjs.org/dotenv/-/dotenv-16.0.3.tgz",
      "integrity": "sha512-7GO6HghkA5fYG9TYnNxi14/7K9f5occMlp3zXAuSxn7CKCxt9xbNWG7yF8hTCSUchlfWSe3uLmlPfigevRItzQ==",
      "engines": {
        "node": ">=12"
      }
    },
    "node_modules/gitignore": {
      "version": "0.7.0",
      "resolved": "https://registry.npmjs.org/gitignore/-/gitignore-0.7.0.tgz",
      "integrity": "sha512-6iE891OyeYQYVvdoWI/hcxDWJ0sOngSpIRadxLoYbsnZdqWIUsEfx+IrOpW3d/zWBA/eKYvs6ZZx6ogz2wEGoQ==",
      "bin": {
        "gitignore": "bin/gitignore.js"
      },
      "engines": {
        "node": "*"
      }
    }
  }
}
